// !$*UTF8*$!
{
	archiveVersion = 1;
	classes = {
	};
	objectVersion = 48;
	objects = {

/* Begin PBXBuildFile section */
		342B51981FDD83A700057EAD /* AppDelegate.swift in Sources */ = {isa = PBXBuildFile; fileRef = 342B51971FDD83A700057EAD /* AppDelegate.swift */; };
		342B519A1FDD83A700057EAD /* ViewController.swift in Sources */ = {isa = PBXBuildFile; fileRef = 342B51991FDD83A700057EAD /* ViewController.swift */; };
		342B519D1FDD83A700057EAD /* Main.storyboard in Resources */ = {isa = PBXBuildFile; fileRef = 342B519B1FDD83A700057EAD /* Main.storyboard */; };
		342B519F1FDD83A700057EAD /* Assets.xcassets in Resources */ = {isa = PBXBuildFile; fileRef = 342B519E1FDD83A700057EAD /* Assets.xcassets */; };
		342B51A21FDD83A700057EAD /* LaunchScreen.storyboard in Resources */ = {isa = PBXBuildFile; fileRef = 342B51A01FDD83A700057EAD /* LaunchScreen.storyboard */; };
		342B51AD1FDD83A700057EAD /* MeteoAppTests.swift in Sources */ = {isa = PBXBuildFile; fileRef = 342B51AC1FDD83A700057EAD /* MeteoAppTests.swift */; };
		342B51B81FDD83A800057EAD /* MeteoAppUITests.swift in Sources */ = {isa = PBXBuildFile; fileRef = 342B51B71FDD83A800057EAD /* MeteoAppUITests.swift */; };
		342B51C61FDD905000057EAD /* WeatherGetter.swift in Sources */ = {isa = PBXBuildFile; fileRef = 342B51C51FDD905000057EAD /* WeatherGetter.swift */; };
		342B51C81FDDA42600057EAD /* Weather.swift in Sources */ = {isa = PBXBuildFile; fileRef = 342B51C71FDDA42600057EAD /* Weather.swift */; };
/* End PBXBuildFile section */

/* Begin PBXContainerItemProxy section */
		342B51A91FDD83A700057EAD /* PBXContainerItemProxy */ = {
			isa = PBXContainerItemProxy;
			containerPortal = 342B518C1FDD83A700057EAD /* Project object */;
			proxyType = 1;
			remoteGlobalIDString = 342B51931FDD83A700057EAD;
			remoteInfo = MeteoApp;
		};
		342B51B41FDD83A800057EAD /* PBXContainerItemProxy */ = {
			isa = PBXContainerItemProxy;
			containerPortal = 342B518C1FDD83A700057EAD /* Project object */;
			proxyType = 1;
			remoteGlobalIDString = 342B51931FDD83A700057EAD;
			remoteInfo = MeteoApp;
		};
/* End PBXContainerItemProxy section */

/* Begin PBXFileReference section */
		342B51941FDD83A700057EAD /* MeteoApp.app */ = {isa = PBXFileReference; explicitFileType = wrapper.application; includeInIndex = 0; path = MeteoApp.app; sourceTree = BUILT_PRODUCTS_DIR; };
		342B51971FDD83A700057EAD /* AppDelegate.swift */ = {isa = PBXFileReference; lastKnownFileType = sourcecode.swift; path = AppDelegate.swift; sourceTree = "<group>"; };
		342B51991FDD83A700057EAD /* ViewController.swift */ = {isa = PBXFileReference; lastKnownFileType = sourcecode.swift; path = ViewController.swift; sourceTree = "<group>"; };
		342B519C1FDD83A700057EAD /* Base */ = {isa = PBXFileReference; lastKnownFileType = file.storyboard; name = Base; path = Base.lproj/Main.storyboard; sourceTree = "<group>"; };
		342B519E1FDD83A700057EAD /* Assets.xcassets */ = {isa = PBXFileReference; lastKnownFileType = folder.assetcatalog; path = Assets.xcassets; sourceTree = "<group>"; };
		342B51A11FDD83A700057EAD /* Base */ = {isa = PBXFileReference; lastKnownFileType = file.storyboard; name = Base; path = Base.lproj/LaunchScreen.storyboard; sourceTree = "<group>"; };
		342B51A31FDD83A700057EAD /* Info.plist */ = {isa = PBXFileReference; lastKnownFileType = text.plist.xml; path = Info.plist; sourceTree = "<group>"; };
		342B51A81FDD83A700057EAD /* MeteoAppTests.xctest */ = {isa = PBXFileReference; explicitFileType = wrapper.cfbundle; includeInIndex = 0; path = MeteoAppTests.xctest; sourceTree = BUILT_PRODUCTS_DIR; };
		342B51AC1FDD83A700057EAD /* MeteoAppTests.swift */ = {isa = PBXFileReference; lastKnownFileType = sourcecode.swift; path = MeteoAppTests.swift; sourceTree = "<group>"; };
		342B51AE1FDD83A800057EAD /* Info.plist */ = {isa = PBXFileReference; lastKnownFileType = text.plist.xml; path = Info.plist; sourceTree = "<group>"; };
		342B51B31FDD83A800057EAD /* MeteoAppUITests.xctest */ = {isa = PBXFileReference; explicitFileType = wrapper.cfbundle; includeInIndex = 0; path = MeteoAppUITests.xctest; sourceTree = BUILT_PRODUCTS_DIR; };
		342B51B71FDD83A800057EAD /* MeteoAppUITests.swift */ = {isa = PBXFileReference; lastKnownFileType = sourcecode.swift; path = MeteoAppUITests.swift; sourceTree = "<group>"; };
		342B51B91FDD83A800057EAD /* Info.plist */ = {isa = PBXFileReference; lastKnownFileType = text.plist.xml; path = Info.plist; sourceTree = "<group>"; };
		342B51C51FDD905000057EAD /* WeatherGetter.swift */ = {isa = PBXFileReference; lastKnownFileType = sourcecode.swift; path = WeatherGetter.swift; sourceTree = "<group>"; };
		342B51C71FDDA42600057EAD /* Weather.swift */ = {isa = PBXFileReference; lastKnownFileType = sourcecode.swift; path = Weather.swift; sourceTree = "<group>"; };
/* End PBXFileReference section */

/* Begin PBXFrameworksBuildPhase section */
		342B51911FDD83A700057EAD /* Frameworks */ = {
			isa = PBXFrameworksBuildPhase;
			buildActionMask = 2147483647;
			files = (
			);
			runOnlyForDeploymentPostprocessing = 0;
		};
		342B51A51FDD83A700057EAD /* Frameworks */ = {
			isa = PBXFrameworksBuildPhase;
			buildActionMask = 2147483647;
			files = (
			);
			runOnlyForDeploymentPostprocessing = 0;
		};
		342B51B01FDD83A800057EAD /* Frameworks */ = {
			isa = PBXFrameworksBuildPhase;
			buildActionMask = 2147483647;
			files = (
			);
			runOnlyForDeploymentPostprocessing = 0;
		};
/* End PBXFrameworksBuildPhase section */

/* Begin PBXGroup section */
		342B518B1FDD83A700057EAD = {
			isa = PBXGroup;
			children = (
				342B51961FDD83A700057EAD /* MeteoApp */,
				342B51AB1FDD83A700057EAD /* MeteoAppTests */,
				342B51B61FDD83A800057EAD /* MeteoAppUITests */,
				342B51951FDD83A700057EAD /* Products */,
			);
			sourceTree = "<group>";
		};
		342B51951FDD83A700057EAD /* Products */ = {
			isa = PBXGroup;
			children = (
				342B51941FDD83A700057EAD /* MeteoApp.app */,
				342B51A81FDD83A700057EAD /* MeteoAppTests.xctest */,
				342B51B31FDD83A800057EAD /* MeteoAppUITests.xctest */,
			);
			name = Products;
			sourceTree = "<group>";
		};
		342B51961FDD83A700057EAD /* MeteoApp */ = {
			isa = PBXGroup;
			children = (
				342B51971FDD83A700057EAD /* AppDelegate.swift */,
				342B51991FDD83A700057EAD /* ViewController.swift */,
				342B51C51FDD905000057EAD /* WeatherGetter.swift */,
				342B51C71FDDA42600057EAD /* Weather.swift */,
				342B519B1FDD83A700057EAD /* Main.storyboard */,
				342B519E1FDD83A700057EAD /* Assets.xcassets */,
				342B51A01FDD83A700057EAD /* LaunchScreen.storyboard */,
				342B51A31FDD83A700057EAD /* Info.plist */,
			);
			path = MeteoApp;
			sourceTree = "<group>";
		};
		342B51AB1FDD83A700057EAD /* MeteoAppTests */ = {
			isa = PBXGroup;
			children = (
				342B51AC1FDD83A700057EAD /* MeteoAppTests.swift */,
				342B51AE1FDD83A800057EAD /* Info.plist */,
			);
			path = MeteoAppTests;
			sourceTree = "<group>";
		};
		342B51B61FDD83A800057EAD /* MeteoAppUITests */ = {
			isa = PBXGroup;
			children = (
				342B51B71FDD83A800057EAD /* MeteoAppUITests.swift */,
				342B51B91FDD83A800057EAD /* Info.plist */,
			);
			path = MeteoAppUITests;
			sourceTree = "<group>";
		};
/* End PBXGroup section */

/* Begin PBXNativeTarget section */
		342B51931FDD83A700057EAD /* MeteoApp */ = {
			isa = PBXNativeTarget;
			buildConfigurationList = 342B51BC1FDD83A800057EAD /* Build configuration list for PBXNativeTarget "MeteoApp" */;
			buildPhases = (
				342B51901FDD83A700057EAD /* Sources */,
				342B51911FDD83A700057EAD /* Frameworks */,
				342B51921FDD83A700057EAD /* Resources */,
			);
			buildRules = (
			);
			dependencies = (
			);
			name = MeteoApp;
			productName = MeteoApp;
			productReference = 342B51941FDD83A700057EAD /* MeteoApp.app */;
			productType = "com.apple.product-type.application";
		};
		342B51A71FDD83A700057EAD /* MeteoAppTests */ = {
			isa = PBXNativeTarget;
			buildConfigurationList = 342B51BF1FDD83A800057EAD /* Build configuration list for PBXNativeTarget "MeteoAppTests" */;
			buildPhases = (
				342B51A41FDD83A700057EAD /* Sources */,
				342B51A51FDD83A700057EAD /* Frameworks */,
				342B51A61FDD83A700057EAD /* Resources */,
			);
			buildRules = (
			);
			dependencies = (
				342B51AA1FDD83A700057EAD /* PBXTargetDependency */,
			);
			name = MeteoAppTests;
			productName = MeteoAppTests;
			productReference = 342B51A81FDD83A700057EAD /* MeteoAppTests.xctest */;
			productType = "com.apple.product-type.bundle.unit-test";
		};
		342B51B21FDD83A800057EAD /* MeteoAppUITests */ = {
			isa = PBXNativeTarget;
			buildConfigurationList = 342B51C21FDD83A800057EAD /* Build configuration list for PBXNativeTarget "MeteoAppUITests" */;
			buildPhases = (
				342B51AF1FDD83A800057EAD /* Sources */,
				342B51B01FDD83A800057EAD /* Frameworks */,
				342B51B11FDD83A800057EAD /* Resources */,
			);
			buildRules = (
			);
			dependencies = (
				342B51B51FDD83A800057EAD /* PBXTargetDependency */,
			);
			name = MeteoAppUITests;
			productName = MeteoAppUITests;
			productReference = 342B51B31FDD83A800057EAD /* MeteoAppUITests.xctest */;
			productType = "com.apple.product-type.bundle.ui-testing";
		};
/* End PBXNativeTarget section */

/* Begin PBXProject section */
		342B518C1FDD83A700057EAD /* Project object */ = {
			isa = PBXProject;
			attributes = {
				LastSwiftUpdateCheck = 0920;
				LastUpgradeCheck = 0920;
				ORGANIZATIONNAME = "Kevin Roth";
				TargetAttributes = {
					342B51931FDD83A700057EAD = {
						CreatedOnToolsVersion = 9.2;
						ProvisioningStyle = Automatic;
					};
					342B51A71FDD83A700057EAD = {
						CreatedOnToolsVersion = 9.2;
						ProvisioningStyle = Automatic;
						TestTargetID = 342B51931FDD83A700057EAD;
					};
					342B51B21FDD83A800057EAD = {
						CreatedOnToolsVersion = 9.2;
						ProvisioningStyle = Automatic;
						TestTargetID = 342B51931FDD83A700057EAD;
					};
				};
			};
			buildConfigurationList = 342B518F1FDD83A700057EAD /* Build configuration list for PBXProject "MeteoApp" */;
			compatibilityVersion = "Xcode 8.0";
			developmentRegion = en;
			hasScannedForEncodings = 0;
			knownRegions = (
				en,
				Base,
			);
			mainGroup = 342B518B1FDD83A700057EAD;
			productRefGroup = 342B51951FDD83A700057EAD /* Products */;
			projectDirPath = "";
			projectRoot = "";
			targets = (
				342B51931FDD83A700057EAD /* MeteoApp */,
				342B51A71FDD83A700057EAD /* MeteoAppTests */,
				342B51B21FDD83A800057EAD /* MeteoAppUITests */,
			);
		};
/* End PBXProject section */

/* Begin PBXResourcesBuildPhase section */
		342B51921FDD83A700057EAD /* Resources */ = {
			isa = PBXResourcesBuildPhase;
			buildActionMask = 2147483647;
			files = (
				342B51A21FDD83A700057EAD /* LaunchScreen.storyboard in Resources */,
				342B519F1FDD83A700057EAD /* Assets.xcassets in Resources */,
				342B519D1FDD83A700057EAD /* Main.storyboard in Resources */,
			);
			runOnlyForDeploymentPostprocessing = 0;
		};
		342B51A61FDD83A700057EAD /* Resources */ = {
			isa = PBXResourcesBuildPhase;
			buildActionMask = 2147483647;
			files = (
			);
			runOnlyForDeploymentPostprocessing = 0;
		};
		342B51B11FDD83A800057EAD /* Resources */ = {
			isa = PBXResourcesBuildPhase;
			buildActionMask = 2147483647;
			files = (
			);
			runOnlyForDeploymentPostprocessing = 0;
		};
/* End PBXResourcesBuildPhase section */

/* Begin PBXSourcesBuildPhase section */
		342B51901FDD83A700057EAD /* Sources */ = {
			isa = PBXSourcesBuildPhase;
			buildActionMask = 2147483647;
			files = (
				342B51C81FDDA42600057EAD /* Weather.swift in Sources */,
				342B519A1FDD83A700057EAD /* ViewController.swift in Sources */,
				342B51981FDD83A700057EAD /* AppDelegate.swift in Sources */,
				342B51C61FDD905000057EAD /* WeatherGetter.swift in Sources */,
			);
			runOnlyForDeploymentPostprocessing = 0;
		};
		342B51A41FDD83A700057EAD /* Sources */ = {
			isa = PBXSourcesBuildPhase;
			buildActionMask = 2147483647;
			files = (
				342B51AD1FDD83A700057EAD /* MeteoAppTests.swift in Sources */,
			);
			runOnlyForDeploymentPostprocessing = 0;
		};
		342B51AF1FDD83A800057EAD /* Sources */ = {
			isa = PBXSourcesBuildPhase;
			buildActionMask = 2147483647;
			files = (
				342B51B81FDD83A800057EAD /* MeteoAppUITests.swift in Sources */,
			);
			runOnlyForDeploymentPostprocessing = 0;
		};
/* End PBXSourcesBuildPhase section */

/* Begin PBXTargetDependency section */
		342B51AA1FDD83A700057EAD /* PBXTargetDependency */ = {
			isa = PBXTargetDependency;
			target = 342B51931FDD83A700057EAD /* MeteoApp */;
			targetProxy = 342B51A91FDD83A700057EAD /* PBXContainerItemProxy */;
		};
		342B51B51FDD83A800057EAD /* PBXTargetDependency */ = {
			isa = PBXTargetDependency;
			target = 342B51931FDD83A700057EAD /* MeteoApp */;
			targetProxy = 342B51B41FDD83A800057EAD /* PBXContainerItemProxy */;
		};
/* End PBXTargetDependency section */

/* Begin PBXVariantGroup section */
		342B519B1FDD83A700057EAD /* Main.storyboard */ = {
			isa = PBXVariantGroup;
			children = (
				342B519C1FDD83A700057EAD /* Base */,
			);
			name = Main.storyboard;
			sourceTree = "<group>";
		};
		342B51A01FDD83A700057EAD /* LaunchScreen.storyboard */ = {
			isa = PBXVariantGroup;
			children = (
				342B51A11FDD83A700057EAD /* Base */,
			);
			name = LaunchScreen.storyboard;
			sourceTree = "<group>";
		};
/* End PBXVariantGroup section */

/* Begin XCBuildConfiguration section */
		342B51BA1FDD83A800057EAD /* Debug */ = {
			isa = XCBuildConfiguration;
			buildSettings = {
				ALWAYS_SEARCH_USER_PATHS = NO;
				CLANG_ANALYZER_NONNULL = YES;
				CLANG_ANALYZER_NUMBER_OBJECT_CONVERSION = YES_AGGRESSIVE;
				CLANG_CXX_LANGUAGE_STANDARD = "gnu++14";
				CLANG_CXX_LIBRARY = "libc++";
				CLANG_ENABLE_MODULES = YES;
				CLANG_ENABLE_OBJC_ARC = YES;
				CLANG_WARN_BLOCK_CAPTURE_AUTORELEASING = YES;
				CLANG_WARN_BOOL_CONVERSION = YES;
				CLANG_WARN_COMMA = YES;
				CLANG_WARN_CONSTANT_CONVERSION = YES;
				CLANG_WARN_DIRECT_OBJC_ISA_USAGE = YES_ERROR;
				CLANG_WARN_DOCUMENTATION_COMMENTS = YES;
				CLANG_WARN_EMPTY_BODY = YES;
				CLANG_WARN_ENUM_CONVERSION = YES;
				CLANG_WARN_INFINITE_RECURSION = YES;
				CLANG_WARN_INT_CONVERSION = YES;
				CLANG_WARN_NON_LITERAL_NULL_CONVERSION = YES;
				CLANG_WARN_OBJC_LITERAL_CONVERSION = YES;
				CLANG_WARN_OBJC_ROOT_CLASS = YES_ERROR;
				CLANG_WARN_RANGE_LOOP_ANALYSIS = YES;
				CLANG_WARN_STRICT_PROTOTYPES = YES;
				CLANG_WARN_SUSPICIOUS_MOVE = YES;
				CLANG_WARN_UNGUARDED_AVAILABILITY = YES_AGGRESSIVE;
				CLANG_WARN_UNREACHABLE_CODE = YES;
				CLANG_WARN__DUPLICATE_METHOD_MATCH = YES;
				CODE_SIGN_IDENTITY = "iPhone Developer";
				COPY_PHASE_STRIP = NO;
				DEBUG_INFORMATION_FORMAT = dwarf;
				ENABLE_STRICT_OBJC_MSGSEND = YES;
				ENABLE_TESTABILITY = YES;
				GCC_C_LANGUAGE_STANDARD = gnu11;
				GCC_DYNAMIC_NO_PIC = NO;
				GCC_NO_COMMON_BLOCKS = YES;
				GCC_OPTIMIZATION_LEVEL = 0;
				GCC_PREPROCESSOR_DEFINITIONS = (
					"DEBUG=1",
					"$(inherited)",
				);
				GCC_WARN_64_TO_32_BIT_CONVERSION = YES;
				GCC_WARN_ABOUT_RETURN_TYPE = YES_ERROR;
				GCC_WARN_UNDECLARED_SELECTOR = YES;
				GCC_WARN_UNINITIALIZED_AUTOS = YES_AGGRESSIVE;
				GCC_WARN_UNUSED_FUNCTION = YES;
				GCC_WARN_UNUSED_VARIABLE = YES;
				IPHONEOS_DEPLOYMENT_TARGET = 11.2;
				MTL_ENABLE_DEBUG_INFO = YES;
				ONLY_ACTIVE_ARCH = YES;
				SDKROOT = iphoneos;
				SWIFT_ACTIVE_COMPILATION_CONDITIONS = DEBUG;
				SWIFT_OPTIMIZATION_LEVEL = "-Onone";
			};
			name = Debug;
		};
		342B51BB1FDD83A800057EAD /* Release */ = {
			isa = XCBuildConfiguration;
			buildSettings = {
				ALWAYS_SEARCH_USER_PATHS = NO;
				CLANG_ANALYZER_NONNULL = YES;
				CLANG_ANALYZER_NUMBER_OBJECT_CONVERSION = YES_AGGRESSIVE;
				CLANG_CXX_LANGUAGE_STANDARD = "gnu++14";
				CLANG_CXX_LIBRARY = "libc++";
				CLANG_ENABLE_MODULES = YES;
				CLANG_ENABLE_OBJC_ARC = YES;
				CLANG_WARN_BLOCK_CAPTURE_AUTORELEASING = YES;
				CLANG_WARN_BOOL_CONVERSION = YES;
				CLANG_WARN_COMMA = YES;
				CLANG_WARN_CONSTANT_CONVERSION = YES;
				CLANG_WARN_DIRECT_OBJC_ISA_USAGE = YES_ERROR;
				CLANG_WARN_DOCUMENTATION_COMMENTS = YES;
				CLANG_WARN_EMPTY_BODY = YES;
				CLANG_WARN_ENUM_CONVERSION = YES;
				CLANG_WARN_INFINITE_RECURSION = YES;
				CLANG_WARN_INT_CONVERSION = YES;
				CLANG_WARN_NON_LITERAL_NULL_CONVERSION = YES;
				CLANG_WARN_OBJC_LITERAL_CONVERSION = YES;
				CLANG_WARN_OBJC_ROOT_CLASS = YES_ERROR;
				CLANG_WARN_RANGE_LOOP_ANALYSIS = YES;
				CLANG_WARN_STRICT_PROTOTYPES = YES;
				CLANG_WARN_SUSPICIOUS_MOVE = YES;
				CLANG_WARN_UNGUARDED_AVAILABILITY = YES_AGGRESSIVE;
				CLANG_WARN_UNREACHABLE_CODE = YES;
				CLANG_WARN__DUPLICATE_METHOD_MATCH = YES;
				CODE_SIGN_IDENTITY = "iPhone Developer";
				COPY_PHASE_STRIP = NO;
				DEBUG_INFORMATION_FORMAT = "dwarf-with-dsym";
				ENABLE_NS_ASSERTIONS = NO;
				ENABLE_STRICT_OBJC_MSGSEND = YES;
				GCC_C_LANGUAGE_STANDARD = gnu11;
				GCC_NO_COMMON_BLOCKS = YES;
				GCC_WARN_64_TO_32_BIT_CONVERSION = YES;
				GCC_WARN_ABOUT_RETURN_TYPE = YES_ERROR;
				GCC_WARN_UNDECLARED_SELECTOR = YES;
				GCC_WARN_UNINITIALIZED_AUTOS = YES_AGGRESSIVE;
				GCC_WARN_UNUSED_FUNCTION = YES;
				GCC_WARN_UNUSED_VARIABLE = YES;
				IPHONEOS_DEPLOYMENT_TARGET = 11.2;
				MTL_ENABLE_DEBUG_INFO = NO;
				SDKROOT = iphoneos;
				SWIFT_OPTIMIZATION_LEVEL = "-Owholemodule";
				VALIDATE_PRODUCT = YES;
			};
			name = Release;
		};
		342B51BD1FDD83A800057EAD /* Debug */ = {
			isa = XCBuildConfiguration;
			buildSettings = {
				ASSETCATALOG_COMPILER_APPICON_NAME = AppIcon;
				CODE_SIGN_STYLE = Automatic;
				DEVELOPMENT_TEAM = W956K9NA53;
				INFOPLIST_FILE = MeteoApp/Info.plist;
				IPHONEOS_DEPLOYMENT_TARGET = 11.1;
				LD_RUNPATH_SEARCH_PATHS = "$(inherited) @executable_path/Frameworks";
				PRODUCT_BUNDLE_IDENTIFIER = Test.MeteoApp;
				PRODUCT_NAME = "$(TARGET_NAME)";
				SWIFT_VERSION = 4.0;
				TARGETED_DEVICE_FAMILY = "1,2";
			};
			name = Debug;
		};
		342B51BE1FDD83A800057EAD /* Release */ = {
			isa = XCBuildConfiguration;
			buildSettings = {
				ASSETCATALOG_COMPILER_APPICON_NAME = AppIcon;
				CODE_SIGN_STYLE = Automatic;
				DEVELOPMENT_TEAM = W956K9NA53;
				INFOPLIST_FILE = MeteoApp/Info.plist;
				IPHONEOS_DEPLOYMENT_TARGET = 11.1;
				LD_RUNPATH_SEARCH_PATHS = "$(inherited) @executable_path/Frameworks";
				PRODUCT_BUNDLE_IDENTIFIER = Test.MeteoApp;
				PRODUCT_NAME = "$(TARGET_NAME)";
				SWIFT_VERSION = 4.0;
				TARGETED_DEVICE_FAMILY = "1,2";
			};
			name = Release;
		};
		342B51C01FDD83A800057EAD /* Debug */ = {
			isa = XCBuildConfiguration;
			buildSettings = {
				ALWAYS_EMBED_SWIFT_STANDARD_LIBRARIES = YES;
				BUNDLE_LOADER = "$(TEST_HOST)";
				CODE_SIGN_STYLE = Automatic;
				INFOPLIST_FILE = MeteoAppTests/Info.plist;
				LD_RUNPATH_SEARCH_PATHS = "$(inherited) @executable_path/Frameworks @loader_path/Frameworks";
				PRODUCT_BUNDLE_IDENTIFIER = Test.MeteoAppTests;
				PRODUCT_NAME = "$(TARGET_NAME)";
				SWIFT_VERSION = 4.0;
				TARGETED_DEVICE_FAMILY = "1,2";
				TEST_HOST = "$(BUILT_PRODUCTS_DIR)/MeteoApp.app/MeteoApp";
			};
			name = Debug;
		};
		342B51C11FDD83A800057EAD /* Release */ = {
			isa = XCBuildConfiguration;
			buildSettings = {
				ALWAYS_EMBED_SWIFT_STANDARD_LIBRARIES = YES;
				BUNDLE_LOADER = "$(TEST_HOST)";
				CODE_SIGN_STYLE = Automatic;
				INFOPLIST_FILE = MeteoAppTests/Info.plist;
				LD_RUNPATH_SEARCH_PATHS = "$(inherited) @executable_path/Frameworks @loader_path/Frameworks";
				PRODUCT_BUNDLE_IDENTIFIER = Test.MeteoAppTests;
				PRODUCT_NAME = "$(TARGET_NAME)";
				SWIFT_VERSION = 4.0;
				TARGETED_DEVICE_FAMILY = "1,2";
				TEST_HOST = "$(BUILT_PRODUCTS_DIR)/MeteoApp.app/MeteoApp";
			};
			name = Release;
		};
		342B51C31FDD83A800057EAD /* Debug */ = {
			isa = XCBuildConfiguration;
			buildSettings = {
				ALWAYS_EMBED_SWIFT_STANDARD_LIBRARIES = YES;
				CODE_SIGN_STYLE = Automatic;
				INFOPLIST_FILE = MeteoAppUITests/Info.plist;
				LD_RUNPATH_SEARCH_PATHS = "$(inherited) @executable_path/Frameworks @loader_path/Frameworks";
				PRODUCT_BUNDLE_IDENTIFIER = Test.MeteoAppUITests;
				PRODUCT_NAME = "$(TARGET_NAME)";
				SWIFT_VERSION = 4.0;
				TARGETED_DEVICE_FAMILY = "1,2";
				TEST_TARGET_NAME = MeteoApp;
			};
			name = Debug;
		};
		342B51C41FDD83A800057EAD /* Release */ = {
			isa = XCBuildConfiguration;
			buildSettings = {
				ALWAYS_EMBED_SWIFT_STANDARD_LIBRARIES = YES;
				CODE_SIGN_STYLE = Automatic;
				INFOPLIST_FILE = MeteoAppUITests/Info.plist;
				LD_RUNPATH_SEARCH_PATHS = "$(inherited) @executable_path/Frameworks @loader_path/Frameworks";
				PRODUCT_BUNDLE_IDENTIFIER = Test.MeteoAppUITests;
				PRODUCT_NAME = "$(TARGET_NAME)";
				SWIFT_VERSION = 4.0;
				TARGETED_DEVICE_FAMILY = "1,2";
				TEST_TARGET_NAME = MeteoApp;
			};
			name = Release;
		};
/* End XCBuildConfiguration section */

/* Begin XCConfigurationList section */
		342B518F1FDD83A700057EAD /* Build configuration list for PBXProject "MeteoApp" */ = {
			isa = XCConfigurationList;
			buildConfigurations = (
				342B51BA1FDD83A800057EAD /* Debug */,
				342B51BB1FDD83A800057EAD /* Release */,
			);
			defaultConfigurationIsVisible = 0;
			defaultConfigurationName = Release;
		};
		342B51BC1FDD83A800057EAD /* Build configuration list for PBXNativeTarget "MeteoApp" */ = {
			isa = XCConfigurationList;
			buildConfigurations = (
				342B51BD1FDD83A800057EAD /* Debug */,
				342B51BE1FDD83A800057EAD /* Release */,
			);
			defaultConfigurationIsVisible = 0;
			defaultConfigurationName = Release;
		};
		342B51BF1FDD83A800057EAD /* Build configuration list for PBXNativeTarget "MeteoAppTests" */ = {
			isa = XCConfigurationList;
			buildConfigurations = (
				342B51C01FDD83A800057EAD /* Debug */,
				342B51C11FDD83A800057EAD /* Release */,
			);
			defaultConfigurationIsVisible = 0;
			defaultConfigurationName = Release;
		};
		342B51C21FDD83A800057EAD /* Build configuration list for PBXNativeTarget "MeteoAppUITests" */ = {
			isa = XCConfigurationList;
			buildConfigurations = (
				342B51C31FDD83A800057EAD /* Debug */,
				342B51C41FDD83A800057EAD /* Release */,
			);
			defaultConfigurationIsVisible = 0;
			defaultConfigurationName = Release;
		};
/* End XCConfigurationList section */
	};
	rootObject = 342B518C1FDD83A700057EAD /* Project object */;
}
